
Microsoft Visual Studio Solution File, Format Version 12.00
Project("{FAE04EC0-301F-11D3-BF4B-00C04F79EFBC}") = "MicroServiceSolution", "MicroServiceSolution\MicroServiceSolution.csproj", "{C651615C-1612-4747-A199-6BBA90D60DCC}"
EndProject
Global
	GlobalSection(SolutionConfigurationPlatforms) = preSolution
		Debug|Any CPU = Debug|Any CPU
		Release|Any CPU = Release|Any CPU
	EndGlobalSection
	GlobalSection(ProjectConfigurationPlatforms) = postSolution
		{C651615C-1612-4747-A199-6BBA90D60DCC}.Debug|Any CPU.ActiveCfg = Debug|Any CPU
		{C651615C-1612-4747-A199-6BBA90D60DCC}.Debug|Any CPU.Build.0 = Debug|Any CPU
		{C651615C-1612-4747-A199-6BBA90D60DCC}.Release|Any CPU.ActiveCfg = Release|Any CPU
		{C651615C-1612-4747-A199-6BBA90D60DCC}.Release|Any CPU.Build.0 = Release|Any CPU
	EndGlobalSection
EndGlobal
